
Microsoft Visual Studio Solution File, Format Version 12.00
# Visual Studio 15
VisualStudioVersion = 15.0.28307.779
MinimumVisualStudioVersion = 10.0.40219.1
Project("{FAE04EC0-301F-11D3-BF4B-00C04F79EFBC}") = "DOST", "DOST\DOST.csproj", "{E7B3AD9F-F8B5-455A-9936-606DD74744C0}"
EndProject
Project("{FAE04EC0-301F-11D3-BF4B-00C04F79EFBC}") = "DOST.Services", "DOST.Services\DOST.Services.csproj", "{FC69A572-A019-41F2-B57E-01599E7404F3}"
EndProject
Project("{FAE04EC0-301F-11D3-BF4B-00C04F79EFBC}") = "DOST.Server", "DOST.Server\DOST.Server.csproj", "{C4F0D848-6F33-4E81-A5C1-27898B34E90A}"
EndProject
Project("{FAE04EC0-301F-11D3-BF4B-00C04F79EFBC}") = "DOST.DataAccess", "DOST.DataAccess\DOST.DataAccess.csproj", "{322B7641-B6D0-401D-B07A-72DA3596F5DC}"
EndProject
Project("{FAE04EC0-301F-11D3-BF4B-00C04F79EFBC}") = "DOST.UnitTests", "DOST.UnitTests\DOST.UnitTests.csproj", "{9AA7329E-028D-440C-B9F5-409F5253FC1B}"
EndProject
Global
	GlobalSection(SolutionConfigurationPlatforms) = preSolution
		Debug|Any CPU = Debug|Any CPU
		Release|Any CPU = Release|Any CPU
	EndGlobalSection
	GlobalSection(ProjectConfigurationPlatforms) = postSolution
		{E7B3AD9F-F8B5-455A-9936-606DD74744C0}.Debug|Any CPU.ActiveCfg = Debug|Any CPU
		{E7B3AD9F-F8B5-455A-9936-606DD74744C0}.Debug|Any CPU.Build.0 = Debug|Any CPU
		{E7B3AD9F-F8B5-455A-9936-606DD74744C0}.Release|Any CPU.ActiveCfg = Release|Any CPU
		{E7B3AD9F-F8B5-455A-9936-606DD74744C0}.Release|Any CPU.Build.0 = Release|Any CPU
		{FC69A572-A019-41F2-B57E-01599E7404F3}.Debug|Any CPU.ActiveCfg = Debug|Any CPU
		{FC69A572-A019-41F2-B57E-01599E7404F3}.Debug|Any CPU.Build.0 = Debug|Any CPU
		{FC69A572-A019-41F2-B57E-01599E7404F3}.Release|Any CPU.ActiveCfg = Release|Any CPU
		{FC69A572-A019-41F2-B57E-01599E7404F3}.Release|Any CPU.Build.0 = Release|Any CPU
		{C4F0D848-6F33-4E81-A5C1-27898B34E90A}.Debug|Any CPU.ActiveCfg = Debug|Any CPU
		{C4F0D848-6F33-4E81-A5C1-27898B34E90A}.Debug|Any CPU.Build.0 = Debug|Any CPU
		{C4F0D848-6F33-4E81-A5C1-27898B34E90A}.Release|Any CPU.ActiveCfg = Release|Any CPU
		{C4F0D848-6F33-4E81-A5C1-27898B34E90A}.Release|Any CPU.Build.0 = Release|Any CPU
		{322B7641-B6D0-401D-B07A-72DA3596F5DC}.Debug|Any CPU.ActiveCfg = Debug|Any CPU
		{322B7641-B6D0-401D-B07A-72DA3596F5DC}.Debug|Any CPU.Build.0 = Debug|Any CPU
		{322B7641-B6D0-401D-B07A-72DA3596F5DC}.Release|Any CPU.ActiveCfg = Release|Any CPU
		{322B7641-B6D0-401D-B07A-72DA3596F5DC}.Release|Any CPU.Build.0 = Release|Any CPU
		{9AA7329E-028D-440C-B9F5-409F5253FC1B}.Debug|Any CPU.ActiveCfg = Debug|Any CPU
		{9AA7329E-028D-440C-B9F5-409F5253FC1B}.Debug|Any CPU.Build.0 = Debug|Any CPU
		{9AA7329E-028D-440C-B9F5-409F5253FC1B}.Release|Any CPU.ActiveCfg = Release|Any CPU
		{9AA7329E-028D-440C-B9F5-409F5253FC1B}.Release|Any CPU.Build.0 = Release|Any CPU
	EndGlobalSection
	GlobalSection(SolutionProperties) = preSolution
		HideSolutionNode = FALSE
	EndGlobalSection
	GlobalSection(ExtensibilityGlobals) = postSolution
		SolutionGuid = {B18E0B29-EDF2-4051-A0DA-10736EDF3C75}
	EndGlobalSection
EndGlobal
